
Microsoft Visual Studio Solution File, Format Version 12.00
# Visual Studio Version 16
VisualStudioVersion = 16.0.29519.87
MinimumVisualStudioVersion = 10.0.40219.1
Project("{FAE04EC0-301F-11D3-BF4B-00C04F79EFBC}") = "My_Professional_Project", "My_Professional_Project\My_Professional_Project.csproj", "{6DAC063B-D20D-4971-BE6E-0A2F144C87B8}"
EndProject
Global
	GlobalSection(SolutionConfigurationPlatforms) = preSolution
		Debug|Any CPU = Debug|Any CPU
		Release|Any CPU = Release|Any CPU
	EndGlobalSection
	GlobalSection(ProjectConfigurationPlatforms) = postSolution
		{6DAC063B-D20D-4971-BE6E-0A2F144C87B8}.Debug|Any CPU.ActiveCfg = Debug|Any CPU
		{6DAC063B-D20D-4971-BE6E-0A2F144C87B8}.Debug|Any CPU.Build.0 = Debug|Any CPU
		{6DAC063B-D20D-4971-BE6E-0A2F144C87B8}.Release|Any CPU.ActiveCfg = Release|Any CPU
		{6DAC063B-D20D-4971-BE6E-0A2F144C87B8}.Release|Any CPU.Build.0 = Release|Any CPU
	EndGlobalSection
	GlobalSection(SolutionProperties) = preSolution
		HideSolutionNode = FALSE
	EndGlobalSection
	GlobalSection(ExtensibilityGlobals) = postSolution
		SolutionGuid = {CFC8AFB5-8938-47A3-983F-C650091D76CE}
	EndGlobalSection
EndGlobal
